<?xml version="1.0" encoding="UTF-8" standalone="yes" ?>
<CodeBlocks_project_file>
	<FileVersion major="1" minor="6" />
	<Project>
		<Option title="wmww_statusline" />
		<Option pch_mode="2" />
		<Option compiler="gcc" />
		<Build>
			<Target title="Release">
				<Option output="../wmww_status" prefix_auto="1" extension_auto="1" />
				<Option working_dir=".." />
				<Option object_output="obj/Release/" />
				<Option type="1" />
				<Option compiler="gcc" />
				<Compiler>
					<Add option="-O2" />
				</Compiler>
				<Linker>
					<Add option="-s" />
				</Linker>
			</Target>
		</Build>
		<Compiler>
			<Add option="-Wall" />
		</Compiler>
		<Unit filename="../config.txt" />
		<Unit filename="../src/Plugin.cpp" />
		<Unit filename="../src/Plugin.h" />
		<Unit filename="../src/file_utils.cpp" />
		<Unit filename="../src/file_utils.h" />
		<Unit filename="../src/get_cpu.cpp" />
		<Unit filename="../src/get_ram.cpp" />
		<Unit filename="../src/get_time.cpp" />
		<Unit filename="../src/graphics.cpp" />
		<Unit filename="../src/graphics.h" />
		<Unit filename="../src/main.cpp" />
		<Unit filename="../src/number_conversion_utils.cpp" />
		<Unit filename="../src/number_conversion_utils.h" />
		<Unit filename="../src/persistent_data.cpp" />
		<Unit filename="../src/persistent_data.h" />
		<Unit filename="../src/statusline.h" />
		<Extensions>
			<envvars />
			<code_completion />
			<debugger />
			<lib_finder disable_auto="1" />
		</Extensions>
	</Project>
</CodeBlocks_project_file>
